<?xml version="1.0" encoding="utf-8"?>
<Project ToolsVersion="4.0" xmlns="http://schemas.microsoft.com/developer/msbuild/2003">
  <ItemGroup>
    <Filter Include="Source Files">
      <UniqueIdentifier>{4FC737F1-C7A5-4376-A066-2A32D752A2FF}</UniqueIdentifier>
      <Extensions>cpp;c;cc;cxx;c++;cppm;ixx;def;odl;idl;hpj;bat;asm;asmx</Extensions>
    </Filter>
    <Filter Include="Header Files">
      <UniqueIdentifier>{93995380-89BD-4b04-88EB-625FBE52EBFB}</UniqueIdentifier>
      <Extensions>h;hh;hpp;hxx;h++;hm;inl;inc;ipp;xsd</Extensions>
    </Filter>
    <Filter Include="Resource Files">
      <UniqueIdentifier>{67DA6AB6-F800-4c08-8B7A-83BB121AAD01}</UniqueIdentifier>
      <Extensions>rc;ico;cur;bmp;dlg;rc2;rct;bin;rgs;gif;jpg;jpeg;jpe;resx;tiff;tif;png;wav;mfcribbon-ms</Extensions>
    </Filter>
  </ItemGroup>
  <ItemGroup>
    <ClCompile Include="glad.c">
      <Filter>Source Files</Filter>
    </ClCompile>
    <ClCompile Include="main.cpp">
      <Filter>Source Files</Filter>
    </ClCompile>
    <ClCompile Include="stb_image.cpp">
      <Filter>Source Files</Filter>
    </ClCompile>
    <ClCompile Include="gl\shader.cpp">
      <Filter>Source Files</Filter>
    </ClCompile>
    <ClCompile Include="camera\cameraController.cpp">
      <Filter>Source Files</Filter>
    </ClCompile>
    <ClCompile Include="core\window.cpp">
      <Filter>Source Files</Filter>
    </ClCompile>
    <ClCompile Include="input\callbacks.cpp">
      <Filter>Source Files</Filter>
    </ClCompile>
    <ClCompile Include="world\level.cpp">
      <Filter>Source Files</Filter>
    </ClCompile>
    <ClCompile Include="geometry\cube.cpp">
      <Filter>Source Files</Filter>
    </ClCompile>
    <ClCompile Include="renderer\renderer.cpp">
      <Filter>Source Files</Filter>
    </ClCompile>
    <ClCompile Include="renderer\levelRenderer.cpp">
      <Filter>Source Files</Filter>
    </ClCompile>
    <ClCompile Include="gl\model.cpp">
      <Filter>Source Files</Filter>
    </ClCompile>
    <ClCompile Include="Libraries\include\imgui\imgui.cpp">
      <Filter>Source Files</Filter>
    </ClCompile>
    <ClCompile Include="Libraries\include\imgui\imgui_demo.cpp">
      <Filter>Source Files</Filter>
    </ClCompile>
    <ClCompile Include="Libraries\include\imgui\imgui_draw.cpp">
      <Filter>Source Files</Filter>
    </ClCompile>
    <ClCompile Include="Libraries\include\imgui\imgui_impl_glfw.cpp">
      <Filter>Source Files</Filter>
    </ClCompile>
    <ClCompile Include="Libraries\include\imgui\imgui_impl_opengl3.cpp">
      <Filter>Source Files</Filter>
    </ClCompile>
    <ClCompile Include="Libraries\include\imgui\imgui_tables.cpp">
      <Filter>Source Files</Filter>
    </ClCompile>
    <ClCompile Include="Libraries\include\imgui\imgui_widgets.cpp">
      <Filter>Source Files</Filter>
    </ClCompile>
  </ItemGroup>
  <ItemGroup>
    <None Include="frag.fs">
      <Filter>Source Files</Filter>
    </None>
    <None Include="vertex.vs" />
    <None Include=".gitignore" />
    <None Include="light_caster.vs" />
    <None Include="light_caster.fs" />
    <None Include="C:\Users\user\Downloads\assimp-6.0.2\assimp-6.0.2\instalation\bin\assimp-vc145-mt.dll" />
    <None Include="C:\Users\user\Downloads\crystal_gems.glb" />
    <None Include="blur.fs" />
    <None Include="bloom_final.fs" />
    <None Include="quad.vs" />
  </ItemGroup>
  <ItemGroup>
    <ClInclude Include="stb_image.h">
      <Filter>Header Files</Filter>
    </ClInclude>
    <ClInclude Include="resource.h">
      <Filter>Header Files</Filter>
    </ClInclude>
    <ClInclude Include="gl\shader.h">
      <Filter>Header Files</Filter>
    </ClInclude>
    <ClInclude Include="camera\camera.h">
      <Filter>Source Files</Filter>
    </ClInclude>
    <ClInclude Include="camera\cameraController.h">
      <Filter>Source Files</Filter>
    </ClInclude>
    <ClInclude Include="core\window.h">
      <Filter>Header Files</Filter>
    </ClInclude>
    <ClInclude Include="gl\vertexArray.h">
      <Filter>Header Files</Filter>
    </ClInclude>
    <ClInclude Include="gl\buffer.h">
      <Filter>Header Files</Filter>
    </ClInclude>
    <ClInclude Include="gl\texture2d.h">
      <Filter>Header Files</Filter>
    </ClInclude>
    <ClInclude Include="input\callbacks.h">
      <Filter>Header Files</Filter>
    </ClInclude>
    <ClInclude Include="world\level.h">
      <Filter>Header Files</Filter>
    </ClInclude>
    <ClInclude Include="shapes\Cube.h">
      <Filter>Header Files</Filter>
    </ClInclude>
    <ClInclude Include="geometry\cube.h">
      <Filter>Header Files</Filter>
    </ClInclude>
    <ClInclude Include="gl\mesh.h">
      <Filter>Header Files</Filter>
    </ClInclude>
    <ClInclude Include="gl\model.h">
      <Filter>Header Files</Filter>
    </ClInclude>
    <ClInclude Include="renderer\renderer.h">
      <Filter>Header Files</Filter>
    </ClInclude>
    <ClInclude Include="renderer\levelRenderer.h">
      <Filter>Header Files</Filter>
    </ClInclude>
    <ClInclude Include="renderer\levelVisuals.h">
      <Filter>Header Files</Filter>
    </ClInclude>
    <ClInclude Include="renderer\drawCommand.h">
      <Filter>Header Files</Filter>
    </ClInclude>
    <ClInclude Include="Libraries\include\imgui\imconfig.h">
      <Filter>Header Files</Filter>
    </ClInclude>
    <ClInclude Include="Libraries\include\imgui\imgui.h">
      <Filter>Header Files</Filter>
    </ClInclude>
    <ClInclude Include="Libraries\include\imgui\imgui_impl_glfw.h">
      <Filter>Header Files</Filter>
    </ClInclude>
    <ClInclude Include="Libraries\include\imgui\imgui_impl_opengl3.h">
      <Filter>Header Files</Filter>
    </ClInclude>
    <ClInclude Include="Libraries\include\imgui\imgui_impl_opengl3_loader.h">
      <Filter>Header Files</Filter>
    </ClInclude>
    <ClInclude Include="Libraries\include\imgui\imgui_internal.h">
      <Filter>Header Files</Filter>
    </ClInclude>
    <ClInclude Include="Libraries\include\imgui\imstb_rectpack.h">
      <Filter>Header Files</Filter>
    </ClInclude>
    <ClInclude Include="Libraries\include\imgui\imstb_textedit.h">
      <Filter>Header Files</Filter>
    </ClInclude>
    <ClInclude Include="Libraries\include\imgui\imstb_truetype.h">
      <Filter>Header Files</Filter>
    </ClInclude>
    <ClInclude Include="world\player.h">
      <Filter>Header Files</Filter>
    </ClInclude>
    <ClInclude Include="animation\animator.h">
      <Filter>Header Files</Filter>
    </ClInclude>
    <ClInclude Include="animation\animation.h">
      <Filter>Header Files</Filter>
    </ClInclude>
    <ClInclude Include="animation\bone.h">
      <Filter>Header Files</Filter>
    </ClInclude>
    <ClInclude Include="animation\assimp_glm_helpers.h">
      <Filter>Header Files</Filter>
    </ClInclude>
    <ClInclude Include="animation\animdata.h">
      <Filter>Header Files</Filter>
    </ClInclude>
    <ClInclude Include="animation\model_animation.h">
      <Filter>Header Files</Filter>
    </ClInclude>
    <ClInclude Include="world\enemies.h">
      <Filter>Header Files</Filter>
    </ClInclude>
  </ItemGroup>
  <ItemGroup>
    <ResourceCompile Include="PolaroidFilter.rc">
      <Filter>Resource Files</Filter>
    </ResourceCompile>
  </ItemGroup>
</Project>